
Microsoft Visual Studio Solution File, Format Version 12.00
# Visual Studio Version 17
VisualStudioVersion = 17.1.32319.34
MinimumVisualStudioVersion = 10.0.40219.1
Project("{FAE04EC0-301F-11D3-BF4B-00C04F79EFBC}") = "reto1", "reto1\reto1.csproj", "{F28E91A3-644B-4698-B79A-EF96F638F066}"
EndProject
Global
	GlobalSection(SolutionConfigurationPlatforms) = preSolution
		Debug|Any CPU = Debug|Any CPU
		Release|Any CPU = Release|Any CPU
	EndGlobalSection
	GlobalSection(ProjectConfigurationPlatforms) = postSolution
		{F28E91A3-644B-4698-B79A-EF96F638F066}.Debug|Any CPU.ActiveCfg = Debug|Any CPU
		{F28E91A3-644B-4698-B79A-EF96F638F066}.Debug|Any CPU.Build.0 = Debug|Any CPU
		{F28E91A3-644B-4698-B79A-EF96F638F066}.Release|Any CPU.ActiveCfg = Release|Any CPU
		{F28E91A3-644B-4698-B79A-EF96F638F066}.Release|Any CPU.Build.0 = Release|Any CPU
	EndGlobalSection
	GlobalSection(SolutionProperties) = preSolution
		HideSolutionNode = FALSE
	EndGlobalSection
	GlobalSection(ExtensibilityGlobals) = postSolution
		SolutionGuid = {5FEE671D-8843-413F-9E94-80C9BF190B10}
	EndGlobalSection
EndGlobal
